// !$*UTF8*$!
{
	archiveVersion = 1;
	classes = {
	};
	objectVersion = 46;
	objects = {

/* Begin PBXBuildFile section */
		4E810A87EE217B04364115CA /* Pods_RxSwiftWorkshop.framework in Frameworks */ = {isa = PBXBuildFile; fileRef = D8FC6B9288FBCB6EB9A722E0 /* Pods_RxSwiftWorkshop.framework */; };
		736010281D99C59A001EA82F /* AppDelegate.swift in Sources */ = {isa = PBXBuildFile; fileRef = 736010271D99C59A001EA82F /* AppDelegate.swift */; };
		7360102A1D99C59A001EA82F /* ViewController.swift in Sources */ = {isa = PBXBuildFile; fileRef = 736010291D99C59A001EA82F /* ViewController.swift */; };
		7360102D1D99C59A001EA82F /* Main.storyboard in Resources */ = {isa = PBXBuildFile; fileRef = 7360102B1D99C59A001EA82F /* Main.storyboard */; };
		7360102F1D99C59A001EA82F /* Assets.xcassets in Resources */ = {isa = PBXBuildFile; fileRef = 7360102E1D99C59A001EA82F /* Assets.xcassets */; };
		736010321D99C59A001EA82F /* LaunchScreen.storyboard in Resources */ = {isa = PBXBuildFile; fileRef = 736010301D99C59A001EA82F /* LaunchScreen.storyboard */; };
		7360103D1D99C59A001EA82F /* RxSwiftWorkshopTests.swift in Sources */ = {isa = PBXBuildFile; fileRef = 7360103C1D99C59A001EA82F /* RxSwiftWorkshopTests.swift */; };
		8BAE7F8C25AB40529BB0D9D9 /* Pods_RxSwiftWorkshopTests.framework in Frameworks */ = {isa = PBXBuildFile; fileRef = 7E34646C5A85345A14AF11D9 /* Pods_RxSwiftWorkshopTests.framework */; };
/* End PBXBuildFile section */

/* Begin PBXContainerItemProxy section */
		736010391D99C59A001EA82F /* PBXContainerItemProxy */ = {
			isa = PBXContainerItemProxy;
			containerPortal = 7360101C1D99C59A001EA82F /* Project object */;
			proxyType = 1;
			remoteGlobalIDString = 736010231D99C59A001EA82F;
			remoteInfo = RxSwiftWorkshop;
		};
/* End PBXContainerItemProxy section */

/* Begin PBXFileReference section */
		5C1E21FBBCF8BCA003E8AE46 /* Pods-RxSwiftWorkshop.debug.xcconfig */ = {isa = PBXFileReference; includeInIndex = 1; lastKnownFileType = text.xcconfig; name = "Pods-RxSwiftWorkshop.debug.xcconfig"; path = "Pods/Target Support Files/Pods-RxSwiftWorkshop/Pods-RxSwiftWorkshop.debug.xcconfig"; sourceTree = "<group>"; };
		736010241D99C59A001EA82F /* RxSwiftWorkshop.app */ = {isa = PBXFileReference; explicitFileType = wrapper.application; includeInIndex = 0; path = RxSwiftWorkshop.app; sourceTree = BUILT_PRODUCTS_DIR; };
		736010271D99C59A001EA82F /* AppDelegate.swift */ = {isa = PBXFileReference; lastKnownFileType = sourcecode.swift; path = AppDelegate.swift; sourceTree = "<group>"; };
		736010291D99C59A001EA82F /* ViewController.swift */ = {isa = PBXFileReference; lastKnownFileType = sourcecode.swift; path = ViewController.swift; sourceTree = "<group>"; };
		7360102C1D99C59A001EA82F /* Base */ = {isa = PBXFileReference; lastKnownFileType = file.storyboard; name = Base; path = Base.lproj/Main.storyboard; sourceTree = "<group>"; };
		7360102E1D99C59A001EA82F /* Assets.xcassets */ = {isa = PBXFileReference; lastKnownFileType = folder.assetcatalog; path = Assets.xcassets; sourceTree = "<group>"; };
		736010311D99C59A001EA82F /* Base */ = {isa = PBXFileReference; lastKnownFileType = file.storyboard; name = Base; path = Base.lproj/LaunchScreen.storyboard; sourceTree = "<group>"; };
		736010331D99C59A001EA82F /* Info.plist */ = {isa = PBXFileReference; lastKnownFileType = text.plist.xml; path = Info.plist; sourceTree = "<group>"; };
		736010381D99C59A001EA82F /* RxSwiftWorkshopTests.xctest */ = {isa = PBXFileReference; explicitFileType = wrapper.cfbundle; includeInIndex = 0; path = RxSwiftWorkshopTests.xctest; sourceTree = BUILT_PRODUCTS_DIR; };
		7360103C1D99C59A001EA82F /* RxSwiftWorkshopTests.swift */ = {isa = PBXFileReference; lastKnownFileType = sourcecode.swift; path = RxSwiftWorkshopTests.swift; sourceTree = "<group>"; };
		7360103E1D99C59A001EA82F /* Info.plist */ = {isa = PBXFileReference; lastKnownFileType = text.plist.xml; path = Info.plist; sourceTree = "<group>"; };
		7E34646C5A85345A14AF11D9 /* Pods_RxSwiftWorkshopTests.framework */ = {isa = PBXFileReference; explicitFileType = wrapper.framework; includeInIndex = 0; path = Pods_RxSwiftWorkshopTests.framework; sourceTree = BUILT_PRODUCTS_DIR; };
		D852052E7E98523F94CFC567 /* Pods-RxSwiftWorkshopTests.debug.xcconfig */ = {isa = PBXFileReference; includeInIndex = 1; lastKnownFileType = text.xcconfig; name = "Pods-RxSwiftWorkshopTests.debug.xcconfig"; path = "Pods/Target Support Files/Pods-RxSwiftWorkshopTests/Pods-RxSwiftWorkshopTests.debug.xcconfig"; sourceTree = "<group>"; };
		D8FC6B9288FBCB6EB9A722E0 /* Pods_RxSwiftWorkshop.framework */ = {isa = PBXFileReference; explicitFileType = wrapper.framework; includeInIndex = 0; path = Pods_RxSwiftWorkshop.framework; sourceTree = BUILT_PRODUCTS_DIR; };
		DC0C63CFDFCA5B6C695DA8D3 /* Pods-RxSwiftWorkshop.release.xcconfig */ = {isa = PBXFileReference; includeInIndex = 1; lastKnownFileType = text.xcconfig; name = "Pods-RxSwiftWorkshop.release.xcconfig"; path = "Pods/Target Support Files/Pods-RxSwiftWorkshop/Pods-RxSwiftWorkshop.release.xcconfig"; sourceTree = "<group>"; };
		FD29EAE5C8E9996B81E35CC8 /* Pods-RxSwiftWorkshopTests.release.xcconfig */ = {isa = PBXFileReference; includeInIndex = 1; lastKnownFileType = text.xcconfig; name = "Pods-RxSwiftWorkshopTests.release.xcconfig"; path = "Pods/Target Support Files/Pods-RxSwiftWorkshopTests/Pods-RxSwiftWorkshopTests.release.xcconfig"; sourceTree = "<group>"; };
/* End PBXFileReference section */

/* Begin PBXFrameworksBuildPhase section */
		736010211D99C59A001EA82F /* Frameworks */ = {
			isa = PBXFrameworksBuildPhase;
			buildActionMask = 2147483647;
			files = (
				4E810A87EE217B04364115CA /* Pods_RxSwiftWorkshop.framework in Frameworks */,
			);
			runOnlyForDeploymentPostprocessing = 0;
		};
		736010351D99C59A001EA82F /* Frameworks */ = {
			isa = PBXFrameworksBuildPhase;
			buildActionMask = 2147483647;
			files = (
				8BAE7F8C25AB40529BB0D9D9 /* Pods_RxSwiftWorkshopTests.framework in Frameworks */,
			);
			runOnlyForDeploymentPostprocessing = 0;
		};
/* End PBXFrameworksBuildPhase section */

/* Begin PBXGroup section */
		476EB782CDE2049F2EE44A1A /* Frameworks */ = {
			isa = PBXGroup;
			children = (
				D8FC6B9288FBCB6EB9A722E0 /* Pods_RxSwiftWorkshop.framework */,
				7E34646C5A85345A14AF11D9 /* Pods_RxSwiftWorkshopTests.framework */,
			);
			name = Frameworks;
			sourceTree = "<group>";
		};
		7360101B1D99C59A001EA82F = {
			isa = PBXGroup;
			children = (
				736010261D99C59A001EA82F /* RxSwiftWorkshop */,
				7360103B1D99C59A001EA82F /* RxSwiftWorkshopTests */,
				736010251D99C59A001EA82F /* Products */,
				BE97EEC82A6D18E418ECD0E0 /* Pods */,
				476EB782CDE2049F2EE44A1A /* Frameworks */,
			);
			sourceTree = "<group>";
		};
		736010251D99C59A001EA82F /* Products */ = {
			isa = PBXGroup;
			children = (
				736010241D99C59A001EA82F /* RxSwiftWorkshop.app */,
				736010381D99C59A001EA82F /* RxSwiftWorkshopTests.xctest */,
			);
			name = Products;
			sourceTree = "<group>";
		};
		736010261D99C59A001EA82F /* RxSwiftWorkshop */ = {
			isa = PBXGroup;
			children = (
				736010271D99C59A001EA82F /* AppDelegate.swift */,
				736010291D99C59A001EA82F /* ViewController.swift */,
				7360102B1D99C59A001EA82F /* Main.storyboard */,
				7360102E1D99C59A001EA82F /* Assets.xcassets */,
				736010301D99C59A001EA82F /* LaunchScreen.storyboard */,
				736010331D99C59A001EA82F /* Info.plist */,
			);
			path = RxSwiftWorkshop;
			sourceTree = "<group>";
		};
		7360103B1D99C59A001EA82F /* RxSwiftWorkshopTests */ = {
			isa = PBXGroup;
			children = (
				7360103C1D99C59A001EA82F /* RxSwiftWorkshopTests.swift */,
				7360103E1D99C59A001EA82F /* Info.plist */,
			);
			path = RxSwiftWorkshopTests;
			sourceTree = "<group>";
		};
		BE97EEC82A6D18E418ECD0E0 /* Pods */ = {
			isa = PBXGroup;
			children = (
				5C1E21FBBCF8BCA003E8AE46 /* Pods-RxSwiftWorkshop.debug.xcconfig */,
				DC0C63CFDFCA5B6C695DA8D3 /* Pods-RxSwiftWorkshop.release.xcconfig */,
				D852052E7E98523F94CFC567 /* Pods-RxSwiftWorkshopTests.debug.xcconfig */,
				FD29EAE5C8E9996B81E35CC8 /* Pods-RxSwiftWorkshopTests.release.xcconfig */,
			);
			name = Pods;
			sourceTree = "<group>";
		};
/* End PBXGroup section */

/* Begin PBXNativeTarget section */
		736010231D99C59A001EA82F /* RxSwiftWorkshop */ = {
			isa = PBXNativeTarget;
			buildConfigurationList = 736010411D99C59A001EA82F /* Build configuration list for PBXNativeTarget "RxSwiftWorkshop" */;
			buildPhases = (
				B17BB4B356BF9E9E08FAE898 /* [CP] Check Pods Manifest.lock */,
				736010201D99C59A001EA82F /* Sources */,
				736010211D99C59A001EA82F /* Frameworks */,
				736010221D99C59A001EA82F /* Resources */,
				6B51A48D577A57E905D72C5C /* [CP] Embed Pods Frameworks */,
				9FB8F78B41C5261011983290 /* [CP] Copy Pods Resources */,
			);
			buildRules = (
			);
			dependencies = (
			);
			name = RxSwiftWorkshop;
			productName = RxSwiftWorkshop;
			productReference = 736010241D99C59A001EA82F /* RxSwiftWorkshop.app */;
			productType = "com.apple.product-type.application";
		};
		736010371D99C59A001EA82F /* RxSwiftWorkshopTests */ = {
			isa = PBXNativeTarget;
			buildConfigurationList = 736010441D99C59A001EA82F /* Build configuration list for PBXNativeTarget "RxSwiftWorkshopTests" */;
			buildPhases = (
				4F61FD153C635B01AEEF538D /* [CP] Check Pods Manifest.lock */,
				736010341D99C59A001EA82F /* Sources */,
				736010351D99C59A001EA82F /* Frameworks */,
				736010361D99C59A001EA82F /* Resources */,
				A960405F04A46D3CC055059B /* [CP] Embed Pods Frameworks */,
				BFC4C0BFA464BA0DA754CA4D /* [CP] Copy Pods Resources */,
			);
			buildRules = (
			);
			dependencies = (
				7360103A1D99C59A001EA82F /* PBXTargetDependency */,
			);
			name = RxSwiftWorkshopTests;
			productName = RxSwiftWorkshopTests;
			productReference = 736010381D99C59A001EA82F /* RxSwiftWorkshopTests.xctest */;
			productType = "com.apple.product-type.bundle.unit-test";
		};
/* End PBXNativeTarget section */

/* Begin PBXProject section */
		7360101C1D99C59A001EA82F /* Project object */ = {
			isa = PBXProject;
			attributes = {
				LastSwiftUpdateCheck = 0800;
				LastUpgradeCheck = 0800;
				ORGANIZATIONNAME = "Ben Wu";
				TargetAttributes = {
					736010231D99C59A001EA82F = {
						CreatedOnToolsVersion = 8.0;
						ProvisioningStyle = Automatic;
					};
					736010371D99C59A001EA82F = {
						CreatedOnToolsVersion = 8.0;
						ProvisioningStyle = Automatic;
						TestTargetID = 736010231D99C59A001EA82F;
					};
				};
			};
			buildConfigurationList = 7360101F1D99C59A001EA82F /* Build configuration list for PBXProject "RxSwiftWorkshop" */;
			compatibilityVersion = "Xcode 3.2";
			developmentRegion = English;
			hasScannedForEncodings = 0;
			knownRegions = (
				en,
				Base,
			);
			mainGroup = 7360101B1D99C59A001EA82F;
			productRefGroup = 736010251D99C59A001EA82F /* Products */;
			projectDirPath = "";
			projectRoot = "";
			targets = (
				736010231D99C59A001EA82F /* RxSwiftWorkshop */,
				736010371D99C59A001EA82F /* RxSwiftWorkshopTests */,
			);
		};
/* End PBXProject section */

/* Begin PBXResourcesBuildPhase section */
		736010221D99C59A001EA82F /* Resources */ = {
			isa = PBXResourcesBuildPhase;
			buildActionMask = 2147483647;
			files = (
				736010321D99C59A001EA82F /* LaunchScreen.storyboard in Resources */,
				7360102F1D99C59A001EA82F /* Assets.xcassets in Resources */,
				7360102D1D99C59A001EA82F /* Main.storyboard in Resources */,
			);
			runOnlyForDeploymentPostprocessing = 0;
		};
		736010361D99C59A001EA82F /* Resources */ = {
			isa = PBXResourcesBuildPhase;
			buildActionMask = 2147483647;
			files = (
			);
			runOnlyForDeploymentPostprocessing = 0;
		};
/* End PBXResourcesBuildPhase section */

/* Begin PBXShellScriptBuildPhase section */
		4F61FD153C635B01AEEF538D /* [CP] Check Pods Manifest.lock */ = {
			isa = PBXShellScriptBuildPhase;
			buildActionMask = 2147483647;
			files = (
			);
			inputPaths = (
			);
			name = "[CP] Check Pods Manifest.lock";
			outputPaths = (
			);
			runOnlyForDeploymentPostprocessing = 0;
			shellPath = /bin/sh;
			shellScript = "diff \"${PODS_ROOT}/../Podfile.lock\" \"${PODS_ROOT}/Manifest.lock\" > /dev/null\nif [ $? != 0 ] ; then\n    # print error to STDERR\n    echo \"error: The sandbox is not in sync with the Podfile.lock. Run 'pod install' or update your CocoaPods installation.\" >&2\n    exit 1\nfi\n";
			showEnvVarsInLog = 0;
		};
		6B51A48D577A57E905D72C5C /* [CP] Embed Pods Frameworks */ = {
			isa = PBXShellScriptBuildPhase;
			buildActionMask = 2147483647;
			files = (
			);
			inputPaths = (
			);
			name = "[CP] Embed Pods Frameworks";
			outputPaths = (
			);
			runOnlyForDeploymentPostprocessing = 0;
			shellPath = /bin/sh;
			shellScript = "\"${SRCROOT}/Pods/Target Support Files/Pods-RxSwiftWorkshop/Pods-RxSwiftWorkshop-frameworks.sh\"\n";
			showEnvVarsInLog = 0;
		};
		9FB8F78B41C5261011983290 /* [CP] Copy Pods Resources */ = {
			isa = PBXShellScriptBuildPhase;
			buildActionMask = 2147483647;
			files = (
			);
			inputPaths = (
			);
			name = "[CP] Copy Pods Resources";
			outputPaths = (
			);
			runOnlyForDeploymentPostprocessing = 0;
			shellPath = /bin/sh;
			shellScript = "\"${SRCROOT}/Pods/Target Support Files/Pods-RxSwiftWorkshop/Pods-RxSwiftWorkshop-resources.sh\"\n";
			showEnvVarsInLog = 0;
		};
		A960405F04A46D3CC055059B /* [CP] Embed Pods Frameworks */ = {
			isa = PBXShellScriptBuildPhase;
			buildActionMask = 2147483647;
			files = (
			);
			inputPaths = (
			);
			name = "[CP] Embed Pods Frameworks";
			outputPaths = (
			);
			runOnlyForDeploymentPostprocessing = 0;
			shellPath = /bin/sh;
			shellScript = "\"${SRCROOT}/Pods/Target Support Files/Pods-RxSwiftWorkshopTests/Pods-RxSwiftWorkshopTests-frameworks.sh\"\n";
			showEnvVarsInLog = 0;
		};
		B17BB4B356BF9E9E08FAE898 /* [CP] Check Pods Manifest.lock */ = {
			isa = PBXShellScriptBuildPhase;
			buildActionMask = 2147483647;
			files = (
			);
			inputPaths = (
			);
			name = "[CP] Check Pods Manifest.lock";
			outputPaths = (
			);
			runOnlyForDeploymentPostprocessing = 0;
			shellPath = /bin/sh;
			shellScript = "diff \"${PODS_ROOT}/../Podfile.lock\" \"${PODS_ROOT}/Manifest.lock\" > /dev/null\nif [ $? != 0 ] ; then\n    # print error to STDERR\n    echo \"error: The sandbox is not in sync with the Podfile.lock. Run 'pod install' or update your CocoaPods installation.\" >&2\n    exit 1\nfi\n";
			showEnvVarsInLog = 0;
		};
		BFC4C0BFA464BA0DA754CA4D /* [CP] Copy Pods Resources */ = {
			isa = PBXShellScriptBuildPhase;
			buildActionMask = 2147483647;
			files = (
			);
			inputPaths = (
			);
			name = "[CP] Copy Pods Resources";
			outputPaths = (
			);
			runOnlyForDeploymentPostprocessing = 0;
			shellPath = /bin/sh;
			shellScript = "\"${SRCROOT}/Pods/Target Support Files/Pods-RxSwiftWorkshopTests/Pods-RxSwiftWorkshopTests-resources.sh\"\n";
			showEnvVarsInLog = 0;
		};
/* End PBXShellScriptBuildPhase section */

/* Begin PBXSourcesBuildPhase section */
		736010201D99C59A001EA82F /* Sources */ = {
			isa = PBXSourcesBuildPhase;
			buildActionMask = 2147483647;
			files = (
				7360102A1D99C59A001EA82F /* ViewController.swift in Sources */,
				736010281D99C59A001EA82F /* AppDelegate.swift in Sources */,
			);
			runOnlyForDeploymentPostprocessing = 0;
		};
		736010341D99C59A001EA82F /* Sources */ = {
			isa = PBXSourcesBuildPhase;
			buildActionMask = 2147483647;
			files = (
				7360103D1D99C59A001EA82F /* RxSwiftWorkshopTests.swift in Sources */,
			);
			runOnlyForDeploymentPostprocessing = 0;
		};
/* End PBXSourcesBuildPhase section */

/* Begin PBXTargetDependency section */
		7360103A1D99C59A001EA82F /* PBXTargetDependency */ = {
			isa = PBXTargetDependency;
			target = 736010231D99C59A001EA82F /* RxSwiftWorkshop */;
			targetProxy = 736010391D99C59A001EA82F /* PBXContainerItemProxy */;
		};
/* End PBXTargetDependency section */

/* Begin PBXVariantGroup section */
		7360102B1D99C59A001EA82F /* Main.storyboard */ = {
			isa = PBXVariantGroup;
			children = (
				7360102C1D99C59A001EA82F /* Base */,
			);
			name = Main.storyboard;
			sourceTree = "<group>";
		};
		736010301D99C59A001EA82F /* LaunchScreen.storyboard */ = {
			isa = PBXVariantGroup;
			children = (
				736010311D99C59A001EA82F /* Base */,
			);
			name = LaunchScreen.storyboard;
			sourceTree = "<group>";
		};
/* End PBXVariantGroup section */

/* Begin XCBuildConfiguration section */
		7360103F1D99C59A001EA82F /* Debug */ = {
			isa = XCBuildConfiguration;
			buildSettings = {
				ALWAYS_SEARCH_USER_PATHS = NO;
				CLANG_ANALYZER_NONNULL = YES;
				CLANG_CXX_LANGUAGE_STANDARD = "gnu++0x";
				CLANG_CXX_LIBRARY = "libc++";
				CLANG_ENABLE_MODULES = YES;
				CLANG_ENABLE_OBJC_ARC = YES;
				CLANG_WARN_BOOL_CONVERSION = YES;
				CLANG_WARN_CONSTANT_CONVERSION = YES;
				CLANG_WARN_DIRECT_OBJC_ISA_USAGE = YES_ERROR;
				CLANG_WARN_DOCUMENTATION_COMMENTS = YES;
				CLANG_WARN_EMPTY_BODY = YES;
				CLANG_WARN_ENUM_CONVERSION = YES;
				CLANG_WARN_INFINITE_RECURSION = YES;
				CLANG_WARN_INT_CONVERSION = YES;
				CLANG_WARN_OBJC_ROOT_CLASS = YES_ERROR;
				CLANG_WARN_SUSPICIOUS_MOVES = YES;
				CLANG_WARN_UNREACHABLE_CODE = YES;
				CLANG_WARN__DUPLICATE_METHOD_MATCH = YES;
				"CODE_SIGN_IDENTITY[sdk=iphoneos*]" = "iPhone Developer";
				COPY_PHASE_STRIP = NO;
				DEBUG_INFORMATION_FORMAT = dwarf;
				ENABLE_STRICT_OBJC_MSGSEND = YES;
				ENABLE_TESTABILITY = YES;
				GCC_C_LANGUAGE_STANDARD = gnu99;
				GCC_DYNAMIC_NO_PIC = NO;
				GCC_NO_COMMON_BLOCKS = YES;
				GCC_OPTIMIZATION_LEVEL = 0;
				GCC_PREPROCESSOR_DEFINITIONS = (
					"DEBUG=1",
					"$(inherited)",
				);
				GCC_WARN_64_TO_32_BIT_CONVERSION = YES;
				GCC_WARN_ABOUT_RETURN_TYPE = YES_ERROR;
				GCC_WARN_UNDECLARED_SELECTOR = YES;
				GCC_WARN_UNINITIALIZED_AUTOS = YES_AGGRESSIVE;
				GCC_WARN_UNUSED_FUNCTION = YES;
				GCC_WARN_UNUSED_VARIABLE = YES;
				IPHONEOS_DEPLOYMENT_TARGET = 10.0;
				MTL_ENABLE_DEBUG_INFO = YES;
				ONLY_ACTIVE_ARCH = YES;
				SDKROOT = iphoneos;
				SWIFT_ACTIVE_COMPILATION_CONDITIONS = DEBUG;
				SWIFT_OPTIMIZATION_LEVEL = "-Onone";
				TARGETED_DEVICE_FAMILY = "1,2";
			};
			name = Debug;
		};
		736010401D99C59A001EA82F /* Release */ = {
			isa = XCBuildConfiguration;
			buildSettings = {
				ALWAYS_SEARCH_USER_PATHS = NO;
				CLANG_ANALYZER_NONNULL = YES;
				CLANG_CXX_LANGUAGE_STANDARD = "gnu++0x";
				CLANG_CXX_LIBRARY = "libc++";
				CLANG_ENABLE_MODULES = YES;
				CLANG_ENABLE_OBJC_ARC = YES;
				CLANG_WARN_BOOL_CONVERSION = YES;
				CLANG_WARN_CONSTANT_CONVERSION = YES;
				CLANG_WARN_DIRECT_OBJC_ISA_USAGE = YES_ERROR;
				CLANG_WARN_DOCUMENTATION_COMMENTS = YES;
				CLANG_WARN_EMPTY_BODY = YES;
				CLANG_WARN_ENUM_CONVERSION = YES;
				CLANG_WARN_INFINITE_RECURSION = YES;
				CLANG_WARN_INT_CONVERSION = YES;
				CLANG_WARN_OBJC_ROOT_CLASS = YES_ERROR;
				CLANG_WARN_SUSPICIOUS_MOVES = YES;
				CLANG_WARN_UNREACHABLE_CODE = YES;
				CLANG_WARN__DUPLICATE_METHOD_MATCH = YES;
				"CODE_SIGN_IDENTITY[sdk=iphoneos*]" = "iPhone Developer";
				COPY_PHASE_STRIP = NO;
				DEBUG_INFORMATION_FORMAT = "dwarf-with-dsym";
				ENABLE_NS_ASSERTIONS = NO;
				ENABLE_STRICT_OBJC_MSGSEND = YES;
				GCC_C_LANGUAGE_STANDARD = gnu99;
				GCC_NO_COMMON_BLOCKS = YES;
				GCC_WARN_64_TO_32_BIT_CONVERSION = YES;
				GCC_WARN_ABOUT_RETURN_TYPE = YES_ERROR;
				GCC_WARN_UNDECLARED_SELECTOR = YES;
				GCC_WARN_UNINITIALIZED_AUTOS = YES_AGGRESSIVE;
				GCC_WARN_UNUSED_FUNCTION = YES;
				GCC_WARN_UNUSED_VARIABLE = YES;
				IPHONEOS_DEPLOYMENT_TARGET = 10.0;
				MTL_ENABLE_DEBUG_INFO = NO;
				SDKROOT = iphoneos;
				SWIFT_OPTIMIZATION_LEVEL = "-Owholemodule";
				TARGETED_DEVICE_FAMILY = "1,2";
				VALIDATE_PRODUCT = YES;
			};
			name = Release;
		};
		736010421D99C59A001EA82F /* Debug */ = {
			isa = XCBuildConfiguration;
			baseConfigurationReference = 5C1E21FBBCF8BCA003E8AE46 /* Pods-RxSwiftWorkshop.debug.xcconfig */;
			buildSettings = {
				ASSETCATALOG_COMPILER_APPICON_NAME = AppIcon;
				INFOPLIST_FILE = RxSwiftWorkshop/Info.plist;
				LD_RUNPATH_SEARCH_PATHS = "$(inherited) @executable_path/Frameworks";
				PRODUCT_BUNDLE_IDENTIFIER = io.intrepid.RxSwiftWorkshop;
				PRODUCT_NAME = "$(TARGET_NAME)";
				SWIFT_VERSION = 3.0;
			};
			name = Debug;
		};
		736010431D99C59A001EA82F /* Release */ = {
			isa = XCBuildConfiguration;
			baseConfigurationReference = DC0C63CFDFCA5B6C695DA8D3 /* Pods-RxSwiftWorkshop.release.xcconfig */;
			buildSettings = {
				ASSETCATALOG_COMPILER_APPICON_NAME = AppIcon;
				INFOPLIST_FILE = RxSwiftWorkshop/Info.plist;
				LD_RUNPATH_SEARCH_PATHS = "$(inherited) @executable_path/Frameworks";
				PRODUCT_BUNDLE_IDENTIFIER = io.intrepid.RxSwiftWorkshop;
				PRODUCT_NAME = "$(TARGET_NAME)";
				SWIFT_VERSION = 3.0;
			};
			name = Release;
		};
		736010451D99C59A001EA82F /* Debug */ = {
			isa = XCBuildConfiguration;
			baseConfigurationReference = D852052E7E98523F94CFC567 /* Pods-RxSwiftWorkshopTests.debug.xcconfig */;
			buildSettings = {
				ALWAYS_EMBED_SWIFT_STANDARD_LIBRARIES = YES;
				BUNDLE_LOADER = "$(TEST_HOST)";
				INFOPLIST_FILE = RxSwiftWorkshopTests/Info.plist;
				LD_RUNPATH_SEARCH_PATHS = "$(inherited) @executable_path/Frameworks @loader_path/Frameworks";
				PRODUCT_BUNDLE_IDENTIFIER = io.intrepid.RxSwiftWorkshopTests;
				PRODUCT_NAME = "$(TARGET_NAME)";
				SWIFT_VERSION = 3.0;
				TEST_HOST = "$(BUILT_PRODUCTS_DIR)/RxSwiftWorkshop.app/RxSwiftWorkshop";
			};
			name = Debug;
		};
		736010461D99C59A001EA82F /* Release */ = {
			isa = XCBuildConfiguration;
			baseConfigurationReference = FD29EAE5C8E9996B81E35CC8 /* Pods-RxSwiftWorkshopTests.release.xcconfig */;
			buildSettings = {
				ALWAYS_EMBED_SWIFT_STANDARD_LIBRARIES = YES;
				BUNDLE_LOADER = "$(TEST_HOST)";
				INFOPLIST_FILE = RxSwiftWorkshopTests/Info.plist;
				LD_RUNPATH_SEARCH_PATHS = "$(inherited) @executable_path/Frameworks @loader_path/Frameworks";
				PRODUCT_BUNDLE_IDENTIFIER = io.intrepid.RxSwiftWorkshopTests;
				PRODUCT_NAME = "$(TARGET_NAME)";
				SWIFT_VERSION = 3.0;
				TEST_HOST = "$(BUILT_PRODUCTS_DIR)/RxSwiftWorkshop.app/RxSwiftWorkshop";
			};
			name = Release;
		};
/* End XCBuildConfiguration section */

/* Begin XCConfigurationList section */
		7360101F1D99C59A001EA82F /* Build configuration list for PBXProject "RxSwiftWorkshop" */ = {
			isa = XCConfigurationList;
			buildConfigurations = (
				7360103F1D99C59A001EA82F /* Debug */,
				736010401D99C59A001EA82F /* Release */,
			);
			defaultConfigurationIsVisible = 0;
			defaultConfigurationName = Release;
		};
		736010411D99C59A001EA82F /* Build configuration list for PBXNativeTarget "RxSwiftWorkshop" */ = {
			isa = XCConfigurationList;
			buildConfigurations = (
				736010421D99C59A001EA82F /* Debug */,
				736010431D99C59A001EA82F /* Release */,
			);
			defaultConfigurationIsVisible = 0;
			defaultConfigurationName = Release;
		};
		736010441D99C59A001EA82F /* Build configuration list for PBXNativeTarget "RxSwiftWorkshopTests" */ = {
			isa = XCConfigurationList;
			buildConfigurations = (
				736010451D99C59A001EA82F /* Debug */,
				736010461D99C59A001EA82F /* Release */,
			);
			defaultConfigurationIsVisible = 0;
			defaultConfigurationName = Release;
		};
/* End XCConfigurationList section */
	};
	rootObject = 7360101C1D99C59A001EA82F /* Project object */;
}
